{
    "name": "wonder-pbr-offline-render-basic-lecture",
    "version": "0.0.1",
    "lockfileVersion": 1,
    "requires": true,
    "dependencies": {
        "@canvas/image-data": {
            "version": "1.0.0",
            "resolved": "https://registry.nlark.com/@canvas/image-data/download/@canvas/image-data-1.0.0.tgz",
            "integrity": "sha1-O9LNhW4T/J4sJf7/NgpAVoV7A2c="
        },
        "@cwasm/jpeg-turbo": {
            "version": "0.1.3",
            "resolved": "https://registry.nlark.com/@cwasm/jpeg-turbo/download/@cwasm/jpeg-turbo-0.1.3.tgz",
            "integrity": "sha1-T16EDS/FjenodnOEVs0by5w0JKM=",
            "requires": {
                "@canvas/image-data": "^1.0.0"
            }
        },
        "@cwasm/lodepng": {
            "version": "0.1.4",
            "resolved": "https://registry.nlark.com/@cwasm/lodepng/download/@cwasm/lodepng-0.1.4.tgz",
            "integrity": "sha1-b/646cWSJoD4nW9DKpeT/UmMuFw=",
            "requires": {
                "@canvas/image-data": "^1.0.0"
            }
        },
        "@mapbox/node-pre-gyp": {
            "version": "1.0.5",
            "resolved": "https://registry.nlark.com/@mapbox/node-pre-gyp/download/@mapbox/node-pre-gyp-1.0.5.tgz?cache=0&sync_timestamp=1620708795285&other_urls=https%3A%2F%2Fregistry.nlark.com%2F%40mapbox%2Fnode-pre-gyp%2Fdownload%2F%40mapbox%2Fnode-pre-gyp-1.0.5.tgz",
            "integrity": "sha1-Kgsy/LQW+z8iUP0kyyqBQhpPWVA=",
            "requires": {
                "detect-libc": "^1.0.3",
                "https-proxy-agent": "^5.0.0",
                "make-dir": "^3.1.0",
                "node-fetch": "^2.6.1",
                "nopt": "^5.0.0",
                "npmlog": "^4.1.2",
                "rimraf": "^3.0.2",
                "semver": "^7.3.4",
                "tar": "^6.1.0"
            }
        },
        "abbrev": {
            "version": "1.1.1",
            "resolved": "https://registry.npm.taobao.org/abbrev/download/abbrev-1.1.1.tgz",
            "integrity": "sha1-+PLIh60Qv2f2NPAFtph/7TF5qsg="
        },
        "agent-base": {
            "version": "6.0.2",
            "resolved": "https://registry.nlark.com/agent-base/download/agent-base-6.0.2.tgz",
            "integrity": "sha1-Sf/1hXfP7j83F2/qtMIuAPhtf3c=",
            "requires": {
                "debug": "4"
            }
        },
        "ansi-regex": {
            "version": "2.1.1",
            "resolved": "https://registry.nlark.com/ansi-regex/download/ansi-regex-2.1.1.tgz",
            "integrity": "sha1-w7M6te42DYbg5ijwRorn7yfWVN8="
        },
        "aproba": {
            "version": "1.2.0",
            "resolved": "https://registry.npm.taobao.org/aproba/download/aproba-1.2.0.tgz",
            "integrity": "sha1-aALmJk79GMeQobDVF/DyYnvyyUo="
        },
        "are-we-there-yet": {
            "version": "1.1.5",
            "resolved": "https://registry.npm.taobao.org/are-we-there-yet/download/are-we-there-yet-1.1.5.tgz",
            "integrity": "sha1-SzXClE8GKov82mZBB2A1D+nd/CE=",
            "requires": {
                "delegates": "^1.0.0",
                "readable-stream": "^2.0.6"
            }
        },
        "atob": {
            "version": "2.1.2",
            "resolved": "https://registry.npm.taobao.org/atob/download/atob-2.1.2.tgz",
            "integrity": "sha1-bZUX654DDSQ2ZmZR6GvZ9vE1M8k="
        },
        "balanced-match": {
            "version": "1.0.2",
            "resolved": "https://registry.npm.taobao.org/balanced-match/download/balanced-match-1.0.2.tgz?cache=0&sync_timestamp=1617714233441&other_urls=https%3A%2F%2Fregistry.npm.taobao.org%2Fbalanced-match%2Fdownload%2Fbalanced-match-1.0.2.tgz",
            "integrity": "sha1-6D46fj8wCzTLnYf2FfoMvzV2kO4="
        },
        "blob-polyfill": {
            "version": "5.0.20210201",
            "resolved": "https://registry.nlark.com/blob-polyfill/download/blob-polyfill-5.0.20210201.tgz",
            "integrity": "sha1-ACS/pdzDRA61ovHlmRyxYSpVhGU="
        },
        "brace-expansion": {
            "version": "1.1.11",
            "resolved": "https://registry.npm.taobao.org/brace-expansion/download/brace-expansion-1.1.11.tgz",
            "integrity": "sha1-PH/L9SnYcibz0vUrlm/1Jx60Qd0=",
            "requires": {
                "balanced-match": "^1.0.0",
                "concat-map": "0.0.1"
            }
        },
        "canvas": {
            "version": "2.8.0",
            "resolved": "https://registry.nlark.com/canvas/download/canvas-2.8.0.tgz?cache=0&sync_timestamp=1621240304296&other_urls=https%3A%2F%2Fregistry.nlark.com%2Fcanvas%2Fdownload%2Fcanvas-2.8.0.tgz",
            "integrity": "sha1-+Zyn8l5uJmhmYf+k/sEjm773RGE=",
            "requires": {
                "@mapbox/node-pre-gyp": "^1.0.0",
                "nan": "^2.14.0",
                "simple-get": "^3.0.3"
            }
        },
        "chownr": {
            "version": "2.0.0",
            "resolved": "https://registry.npm.taobao.org/chownr/download/chownr-2.0.0.tgz",
            "integrity": "sha1-Fb++U9LqtM9w8YqM1o6+Wzyx3s4="
        },
        "code-point-at": {
            "version": "1.1.0",
            "resolved": "https://registry.npm.taobao.org/code-point-at/download/code-point-at-1.1.0.tgz",
            "integrity": "sha1-DQcLTQQ6W+ozovGkDi7bPZpMz3c="
        },
        "concat-map": {
            "version": "0.0.1",
            "resolved": "https://registry.npm.taobao.org/concat-map/download/concat-map-0.0.1.tgz",
            "integrity": "sha1-2Klr13/Wjfd5OnMDajug1UBdR3s="
        },
        "console-control-strings": {
            "version": "1.1.0",
            "resolved": "https://registry.npm.taobao.org/console-control-strings/download/console-control-strings-1.1.0.tgz",
            "integrity": "sha1-PXz0Rk22RG6mRL9LOVB/mFEAjo4="
        },
        "core-util-is": {
            "version": "1.0.2",
            "resolved": "https://registry.nlark.com/core-util-is/download/core-util-is-1.0.2.tgz",
            "integrity": "sha1-tf1UIgqivFq1eqtxQMlAdUUDwac="
        },
        "cross-blob": {
            "version": "2.0.1",
            "resolved": "https://registry.nlark.com/cross-blob/download/cross-blob-2.0.1.tgz",
            "integrity": "sha1-fBhyguCFU1NwXtmsWvLufyfJEMY=",
            "requires": {
                "blob-polyfill": "^5.0.20210201",
                "fetch-blob": "^2.1.2"
            }
        },
        "debug": {
            "version": "4.3.2",
            "resolved": "https://registry.nlark.com/debug/download/debug-4.3.2.tgz?cache=0&other_urls=https%3A%2F%2Fregistry.nlark.com%2Fdebug%2Fdownload%2Fdebug-4.3.2.tgz",
            "integrity": "sha1-8KScGKyHeeMdSgxgKd+3aHPHQos=",
            "requires": {
                "ms": "2.1.2"
            }
        },
        "decompress-response": {
            "version": "4.2.1",
            "resolved": "https://registry.nlark.com/decompress-response/download/decompress-response-4.2.1.tgz",
            "integrity": "sha1-QUAjzHowLaJc4uyC0NUjjMr9iYY=",
            "requires": {
                "mimic-response": "^2.0.0"
            }
        },
        "delegates": {
            "version": "1.0.0",
            "resolved": "https://registry.npm.taobao.org/delegates/download/delegates-1.0.0.tgz",
            "integrity": "sha1-hMbhWbgZBP3KWaDvRM2HDTElD5o="
        },
        "detect-libc": {
            "version": "1.0.3",
            "resolved": "https://registry.nlark.com/detect-libc/download/detect-libc-1.0.3.tgz",
            "integrity": "sha1-+hN8S9aY7fVc1c0CrFWfkaTEups="
        },
        "fetch-blob": {
            "version": "2.1.2",
            "resolved": "https://registry.nlark.com/fetch-blob/download/fetch-blob-2.1.2.tgz",
            "integrity": "sha1-p4BdsTYb1Ewe9iu1f7X+jqFz7zw="
        },
        "fs-minipass": {
            "version": "2.1.0",
            "resolved": "https://registry.nlark.com/fs-minipass/download/fs-minipass-2.1.0.tgz",
            "integrity": "sha1-f1A2/b8SxjwWkZDL5BmchSJx+fs=",
            "requires": {
                "minipass": "^3.0.0"
            }
        },
        "fs.realpath": {
            "version": "1.0.0",
            "resolved": "https://registry.npm.taobao.org/fs.realpath/download/fs.realpath-1.0.0.tgz",
            "integrity": "sha1-FQStJSMVjKpA20onh8sBQRmU6k8="
        },
        "gauge": {
            "version": "2.7.4",
            "resolved": "https://registry.npm.taobao.org/gauge/download/gauge-2.7.4.tgz",
            "integrity": "sha1-LANAXHU4w51+s3sxcCLjJfsBi/c=",
            "requires": {
                "aproba": "^1.0.3",
                "console-control-strings": "^1.0.0",
                "has-unicode": "^2.0.0",
                "object-assign": "^4.1.0",
                "signal-exit": "^3.0.0",
                "string-width": "^1.0.1",
                "strip-ansi": "^3.0.1",
                "wide-align": "^1.1.0"
            }
        },
        "glob": {
            "version": "7.1.7",
            "resolved": "https://registry.nlark.com/glob/download/glob-7.1.7.tgz?cache=0&sync_timestamp=1620337382269&other_urls=https%3A%2F%2Fregistry.nlark.com%2Fglob%2Fdownload%2Fglob-7.1.7.tgz",
            "integrity": "sha1-Oxk+kjPwHULQs/eClLvutBj5SpA=",
            "requires": {
                "fs.realpath": "^1.0.0",
                "inflight": "^1.0.4",
                "inherits": "2",
                "minimatch": "^3.0.4",
                "once": "^1.3.0",
                "path-is-absolute": "^1.0.0"
            }
        },
        "has-unicode": {
            "version": "2.0.1",
            "resolved": "https://registry.npm.taobao.org/has-unicode/download/has-unicode-2.0.1.tgz",
            "integrity": "sha1-4Ob+aijPUROIVeCG0Wkedx3iqLk="
        },
        "https-proxy-agent": {
            "version": "5.0.0",
            "resolved": "https://registry.nlark.com/https-proxy-agent/download/https-proxy-agent-5.0.0.tgz",
            "integrity": "sha1-4qkFQqu2inYuCghQ9sntrf2FBrI=",
            "requires": {
                "agent-base": "6",
                "debug": "4"
            }
        },
        "inflight": {
            "version": "1.0.6",
            "resolved": "https://registry.nlark.com/inflight/download/inflight-1.0.6.tgz",
            "integrity": "sha1-Sb1jMdfQLQwJvJEKEHW6gWW1bfk=",
            "requires": {
                "once": "^1.3.0",
                "wrappy": "1"
            }
        },
        "inherits": {
            "version": "2.0.4",
            "resolved": "https://registry.nlark.com/inherits/download/inherits-2.0.4.tgz",
            "integrity": "sha1-D6LGT5MpF8NDOg3tVTY6rjdBa3w="
        },
        "is-fullwidth-code-point": {
            "version": "1.0.0",
            "resolved": "https://registry.npm.taobao.org/is-fullwidth-code-point/download/is-fullwidth-code-point-1.0.0.tgz?cache=0&sync_timestamp=1618552469710&other_urls=https%3A%2F%2Fregistry.npm.taobao.org%2Fis-fullwidth-code-point%2Fdownload%2Fis-fullwidth-code-point-1.0.0.tgz",
            "integrity": "sha1-754xOG8DGn8NZDr4L95QxFfvAMs=",
            "requires": {
                "number-is-nan": "^1.0.0"
            }
        },
        "isarray": {
            "version": "1.0.0",
            "resolved": "https://registry.nlark.com/isarray/download/isarray-1.0.0.tgz",
            "integrity": "sha1-u5NdSFgsuhaMBoNJV6VKPgcSTxE="
        },
        "lodash": {
            "version": "4.17.21",
            "resolved": "https://registry.npm.taobao.org/lodash/download/lodash-4.17.21.tgz?cache=0&sync_timestamp=1613835817439&other_urls=https%3A%2F%2Fregistry.npm.taobao.org%2Flodash%2Fdownload%2Flodash-4.17.21.tgz",
            "integrity": "sha1-Z5WRxWTDv/quhFTPCz3zcMPWkRw="
        },
        "lru-cache": {
            "version": "6.0.0",
            "resolved": "https://registry.nlark.com/lru-cache/download/lru-cache-6.0.0.tgz",
            "integrity": "sha1-bW/mVw69lqr5D8rR2vo7JWbbOpQ=",
            "requires": {
                "yallist": "^4.0.0"
            }
        },
        "make-dir": {
            "version": "3.1.0",
            "resolved": "https://registry.nlark.com/make-dir/download/make-dir-3.1.0.tgz",
            "integrity": "sha1-QV6WcEazp/HRhSd9hKpYIDcmoT8=",
            "requires": {
                "semver": "^6.0.0"
            },
            "dependencies": {
                "semver": {
                    "version": "6.3.0",
                    "resolved": "https://registry.nlark.com/semver/download/semver-6.3.0.tgz?cache=0&sync_timestamp=1618846864940&other_urls=https%3A%2F%2Fregistry.nlark.com%2Fsemver%2Fdownload%2Fsemver-6.3.0.tgz",
                    "integrity": "sha1-7gpkyK9ejO6mdoexM3YeG+y9HT0="
                }
            }
        },
        "mimic-response": {
            "version": "2.1.0",
            "resolved": "https://registry.nlark.com/mimic-response/download/mimic-response-2.1.0.tgz",
            "integrity": "sha1-0Tdj019hPQnsN+uzC6wEacDuj0M="
        },
        "minimatch": {
            "version": "3.0.4",
            "resolved": "https://registry.npm.taobao.org/minimatch/download/minimatch-3.0.4.tgz",
            "integrity": "sha1-UWbihkV/AzBgZL5Ul+jbsMPTIIM=",
            "requires": {
                "brace-expansion": "^1.1.7"
            }
        },
        "minipass": {
            "version": "3.1.3",
            "resolved": "https://registry.npm.taobao.org/minipass/download/minipass-3.1.3.tgz",
            "integrity": "sha1-fUL/HzljVILhX5zbUxhN7r1YFf0=",
            "requires": {
                "yallist": "^4.0.0"
            }
        },
        "minizlib": {
            "version": "2.1.2",
            "resolved": "https://registry.nlark.com/minizlib/download/minizlib-2.1.2.tgz",
            "integrity": "sha1-6Q00Zrogm5MkUVCKEc49NjIUWTE=",
            "requires": {
                "minipass": "^3.0.0",
                "yallist": "^4.0.0"
            }
        },
        "mkdirp": {
            "version": "1.0.4",
            "resolved": "https://registry.nlark.com/mkdirp/download/mkdirp-1.0.4.tgz?cache=0&sync_timestamp=1618846780073&other_urls=https%3A%2F%2Fregistry.nlark.com%2Fmkdirp%2Fdownload%2Fmkdirp-1.0.4.tgz",
            "integrity": "sha1-PrXtYmInVteaXw4qIh3+utdcL34="
        },
        "ms": {
            "version": "2.1.2",
            "resolved": "https://registry.npm.taobao.org/ms/download/ms-2.1.2.tgz",
            "integrity": "sha1-0J0fNXtEP0kzgqjrPM0YOHKuYAk="
        },
        "nan": {
            "version": "2.14.2",
            "resolved": "https://registry.npm.taobao.org/nan/download/nan-2.14.2.tgz",
            "integrity": "sha1-9TdkAGlRaPTMaUrJOT0MlYXu6hk="
        },
        "node-fetch": {
            "version": "2.6.1",
            "resolved": "https://registry.npm.taobao.org/node-fetch/download/node-fetch-2.6.1.tgz",
            "integrity": "sha1-BFvTI2Mfdu0uK1VXM5RBa2OaAFI="
        },
        "nopt": {
            "version": "5.0.0",
            "resolved": "https://registry.npm.taobao.org/nopt/download/nopt-5.0.0.tgz",
            "integrity": "sha1-UwlCu1ilEvzK/lP+IQ8TolNV3Ig=",
            "requires": {
                "abbrev": "1"
            }
        },
        "npmlog": {
            "version": "4.1.2",
            "resolved": "https://registry.npm.taobao.org/npmlog/download/npmlog-4.1.2.tgz",
            "integrity": "sha1-CKfyqL9zRgR3mp76StXMcXq7lUs=",
            "requires": {
                "are-we-there-yet": "~1.1.2",
                "console-control-strings": "~1.1.0",
                "gauge": "~2.7.3",
                "set-blocking": "~2.0.0"
            }
        },
        "number-is-nan": {
            "version": "1.0.1",
            "resolved": "https://registry.nlark.com/number-is-nan/download/number-is-nan-1.0.1.tgz",
            "integrity": "sha1-CXtgK1NCKlIsGvuHkDGDNpQaAR0="
        },
        "object-assign": {
            "version": "4.1.1",
            "resolved": "https://registry.npm.taobao.org/object-assign/download/object-assign-4.1.1.tgz",
            "integrity": "sha1-IQmtx5ZYh8/AXLvUQsrIv7s2CGM="
        },
        "once": {
            "version": "1.4.0",
            "resolved": "https://registry.npm.taobao.org/once/download/once-1.4.0.tgz",
            "integrity": "sha1-WDsap3WWHUsROsF9nFC6753Xa9E=",
            "requires": {
                "wrappy": "1"
            }
        },
        "path-is-absolute": {
            "version": "1.0.1",
            "resolved": "https://registry.npm.taobao.org/path-is-absolute/download/path-is-absolute-1.0.1.tgz",
            "integrity": "sha1-F0uSaHNVNP+8es5r9TpanhtcX18="
        },
        "process-nextick-args": {
            "version": "2.0.1",
            "resolved": "https://registry.nlark.com/process-nextick-args/download/process-nextick-args-2.0.1.tgz",
            "integrity": "sha1-eCDZsWEgzFXKmud5JoCufbptf+I="
        },
        "readable-stream": {
            "version": "2.3.7",
            "resolved": "https://registry.npm.taobao.org/readable-stream/download/readable-stream-2.3.7.tgz",
            "integrity": "sha1-Hsoc9xGu+BTAT2IlKjamL2yyO1c=",
            "requires": {
                "core-util-is": "~1.0.0",
                "inherits": "~2.0.3",
                "isarray": "~1.0.0",
                "process-nextick-args": "~2.0.0",
                "safe-buffer": "~5.1.1",
                "string_decoder": "~1.1.1",
                "util-deprecate": "~1.0.1"
            }
        },
        "rimraf": {
            "version": "3.0.2",
            "resolved": "https://registry.npm.taobao.org/rimraf/download/rimraf-3.0.2.tgz",
            "integrity": "sha1-8aVAK6YiCtUswSgrrBrjqkn9Bho=",
            "requires": {
                "glob": "^7.1.3"
            }
        },
        "safe-buffer": {
            "version": "5.1.2",
            "resolved": "https://registry.nlark.com/safe-buffer/download/safe-buffer-5.1.2.tgz?cache=0&sync_timestamp=1618846721126&other_urls=https%3A%2F%2Fregistry.nlark.com%2Fsafe-buffer%2Fdownload%2Fsafe-buffer-5.1.2.tgz",
            "integrity": "sha1-mR7GnSluAxN0fVm9/St0XDX4go0="
        },
        "semver": {
            "version": "7.3.5",
            "resolved": "https://registry.nlark.com/semver/download/semver-7.3.5.tgz?cache=0&sync_timestamp=1618846864940&other_urls=https%3A%2F%2Fregistry.nlark.com%2Fsemver%2Fdownload%2Fsemver-7.3.5.tgz",
            "integrity": "sha1-C2Ich5NI2JmOSw5L6Us/EuYBjvc=",
            "requires": {
                "lru-cache": "^6.0.0"
            }
        },
        "set-blocking": {
            "version": "2.0.0",
            "resolved": "https://registry.nlark.com/set-blocking/download/set-blocking-2.0.0.tgz",
            "integrity": "sha1-BF+XgtARrppoA93TgrJDkrPYkPc="
        },
        "signal-exit": {
            "version": "3.0.3",
            "resolved": "https://registry.nlark.com/signal-exit/download/signal-exit-3.0.3.tgz",
            "integrity": "sha1-oUEMLt2PB3sItOJTyOrPyvBXRhw="
        },
        "simple-concat": {
            "version": "1.0.1",
            "resolved": "https://registry.npm.taobao.org/simple-concat/download/simple-concat-1.0.1.tgz",
            "integrity": "sha1-9Gl2CCujXCJj8cirXt/ibEHJVS8="
        },
        "simple-get": {
            "version": "3.1.0",
            "resolved": "https://registry.npm.taobao.org/simple-get/download/simple-get-3.1.0.tgz",
            "integrity": "sha1-tFvgYkNeUNFZVAtXYgLO7EC5xrM=",
            "requires": {
                "decompress-response": "^4.2.0",
                "once": "^1.3.1",
                "simple-concat": "^1.0.0"
            }
        },
        "string-width": {
            "version": "1.0.2",
            "resolved": "https://registry.npm.taobao.org/string-width/download/string-width-1.0.2.tgz",
            "integrity": "sha1-EYvfW4zcUaKn5w0hHgfisLmxB9M=",
            "requires": {
                "code-point-at": "^1.0.0",
                "is-fullwidth-code-point": "^1.0.0",
                "strip-ansi": "^3.0.0"
            }
        },
        "string_decoder": {
            "version": "1.1.1",
            "resolved": "https://registry.npm.taobao.org/string_decoder/download/string_decoder-1.1.1.tgz",
            "integrity": "sha1-nPFhG6YmhdcDCunkujQUnDrwP8g=",
            "requires": {
                "safe-buffer": "~5.1.0"
            }
        },
        "strip-ansi": {
            "version": "3.0.1",
            "resolved": "https://registry.npm.taobao.org/strip-ansi/download/strip-ansi-3.0.1.tgz?cache=0&sync_timestamp=1618553320591&other_urls=https%3A%2F%2Fregistry.npm.taobao.org%2Fstrip-ansi%2Fdownload%2Fstrip-ansi-3.0.1.tgz",
            "integrity": "sha1-ajhfuIU9lS1f8F0Oiq+UJ43GPc8=",
            "requires": {
                "ansi-regex": "^2.0.0"
            }
        },
        "tar": {
            "version": "6.1.0",
            "resolved": "https://registry.nlark.com/tar/download/tar-6.1.0.tgz?cache=0&sync_timestamp=1618846896009&other_urls=https%3A%2F%2Fregistry.nlark.com%2Ftar%2Fdownload%2Ftar-6.1.0.tgz",
            "integrity": "sha1-0XJOm8wEuXexjVxXOzM6IgcimoM=",
            "requires": {
                "chownr": "^2.0.0",
                "fs-minipass": "^2.0.0",
                "minipass": "^3.0.0",
                "minizlib": "^2.1.1",
                "mkdirp": "^1.0.3",
                "yallist": "^4.0.0"
            }
        },
        "three": {
            "version": "0.124.0",
            "resolved": "https://registry.nlark.com/three/download/three-0.124.0.tgz",
            "integrity": "sha1-FKsaJrpsVuURkOG1VpXNPB5p6lU="
        },
        "util-deprecate": {
            "version": "1.0.2",
            "resolved": "https://registry.npm.taobao.org/util-deprecate/download/util-deprecate-1.0.2.tgz",
            "integrity": "sha1-RQ1Nyfpw3nMnYvvS1KKJgUGaDM8="
        },
        "wide-align": {
            "version": "1.1.3",
            "resolved": "https://registry.npm.taobao.org/wide-align/download/wide-align-1.1.3.tgz",
            "integrity": "sha1-rgdOa9wMFKQx6ATmJFScYzsABFc=",
            "requires": {
                "string-width": "^1.0.2 || 2"
            }
        },
        "wonder-webgpu": {
            "version": "0.0.1",
            "resolved": "https://registry.nlark.com/wonder-webgpu/download/wonder-webgpu-0.0.1.tgz",
            "integrity": "sha1-B6ccqDUVa9EyIvNOl30gkPnFR2E="
        },
        "wrappy": {
            "version": "1.0.2",
            "resolved": "https://registry.nlark.com/wrappy/download/wrappy-1.0.2.tgz?cache=0&sync_timestamp=1619133505879&other_urls=https%3A%2F%2Fregistry.nlark.com%2Fwrappy%2Fdownload%2Fwrappy-1.0.2.tgz",
            "integrity": "sha1-tSQ9jz7BqjXxNkYFvA0QNuMKtp8="
        },
        "yallist": {
            "version": "4.0.0",
            "resolved": "https://registry.npm.taobao.org/yallist/download/yallist-4.0.0.tgz",
            "integrity": "sha1-m7knkNnA7/7GO+c1GeEaNQGaOnI="
        }
    }
}
